
Microsoft Visual Studio Solution File, Format Version 12.00
# Visual Studio 15
VisualStudioVersion = 15.0.28307.168
MinimumVisualStudioVersion = 10.0.40219.1
Project("{FAE04EC0-301F-11D3-BF4B-00C04F79EFBC}") = "IdentityLesson", "IdentityLesson\IdentityLesson.csproj", "{8C2A8742-A119-4E44-9548-3BF8F0B7750D}"
EndProject
Global
	GlobalSection(SolutionConfigurationPlatforms) = preSolution
		Debug|Any CPU = Debug|Any CPU
		Release|Any CPU = Release|Any CPU
	EndGlobalSection
	GlobalSection(ProjectConfigurationPlatforms) = postSolution
		{8C2A8742-A119-4E44-9548-3BF8F0B7750D}.Debug|Any CPU.ActiveCfg = Debug|Any CPU
		{8C2A8742-A119-4E44-9548-3BF8F0B7750D}.Debug|Any CPU.Build.0 = Debug|Any CPU
		{8C2A8742-A119-4E44-9548-3BF8F0B7750D}.Release|Any CPU.ActiveCfg = Release|Any CPU
		{8C2A8742-A119-4E44-9548-3BF8F0B7750D}.Release|Any CPU.Build.0 = Release|Any CPU
	EndGlobalSection
	GlobalSection(SolutionProperties) = preSolution
		HideSolutionNode = FALSE
	EndGlobalSection
	GlobalSection(ExtensibilityGlobals) = postSolution
		SolutionGuid = {0368D03E-9AFA-4505-B5D7-A1C1F357B2F6}
	EndGlobalSection
EndGlobal
